
Microsoft Visual Studio Solution File, Format Version 12.00
# Visual Studio Version 16
VisualStudioVersion = 16.0.31019.35
MinimumVisualStudioVersion = 10.0.40219.1
Project("{FAE04EC0-301F-11D3-BF4B-00C04F79EFBC}") = "SampleWebAPI", "SampleWebAPI\SampleWebAPI.csproj", "{309EA1BC-2BC5-4274-B5C3-F91DD8EAD4B6}"
EndProject
Global
	GlobalSection(SolutionConfigurationPlatforms) = preSolution
		Debug|Any CPU = Debug|Any CPU
		Release|Any CPU = Release|Any CPU
	EndGlobalSection
	GlobalSection(ProjectConfigurationPlatforms) = postSolution
		{309EA1BC-2BC5-4274-B5C3-F91DD8EAD4B6}.Debug|Any CPU.ActiveCfg = Debug|Any CPU
		{309EA1BC-2BC5-4274-B5C3-F91DD8EAD4B6}.Debug|Any CPU.Build.0 = Debug|Any CPU
		{309EA1BC-2BC5-4274-B5C3-F91DD8EAD4B6}.Release|Any CPU.ActiveCfg = Release|Any CPU
		{309EA1BC-2BC5-4274-B5C3-F91DD8EAD4B6}.Release|Any CPU.Build.0 = Release|Any CPU
	EndGlobalSection
	GlobalSection(SolutionProperties) = preSolution
		HideSolutionNode = FALSE
	EndGlobalSection
	GlobalSection(ExtensibilityGlobals) = postSolution
		SolutionGuid = {7CA19D15-A1CF-4CC0-A984-7BE65770DA57}
	EndGlobalSection
EndGlobal
